
Microsoft Visual Studio Solution File, Format Version 12.00
# Visual Studio Version 16
VisualStudioVersion = 16.0.31402.337
MinimumVisualStudioVersion = 10.0.40219.1
Project("{FAE04EC0-301F-11D3-BF4B-00C04F79EFBC}") = "CheckNationalityGame", "CheckNationalityGame\CheckNationalityGame.csproj", "{5BB214B6-82D7-4234-97BB-54296AE9266E}"
EndProject
Global
	GlobalSection(SolutionConfigurationPlatforms) = preSolution
		Debug|Any CPU = Debug|Any CPU
		Release|Any CPU = Release|Any CPU
	EndGlobalSection
	GlobalSection(ProjectConfigurationPlatforms) = postSolution
		{5BB214B6-82D7-4234-97BB-54296AE9266E}.Debug|Any CPU.ActiveCfg = Debug|Any CPU
		{5BB214B6-82D7-4234-97BB-54296AE9266E}.Debug|Any CPU.Build.0 = Debug|Any CPU
		{5BB214B6-82D7-4234-97BB-54296AE9266E}.Release|Any CPU.ActiveCfg = Release|Any CPU
		{5BB214B6-82D7-4234-97BB-54296AE9266E}.Release|Any CPU.Build.0 = Release|Any CPU
	EndGlobalSection
	GlobalSection(SolutionProperties) = preSolution
		HideSolutionNode = FALSE
	EndGlobalSection
	GlobalSection(ExtensibilityGlobals) = postSolution
		SolutionGuid = {50168B31-F64D-436F-A9EC-0B6C523093C7}
	EndGlobalSection
EndGlobal
